
Microsoft Visual Studio Solution File, Format Version 12.00
# Visual Studio Version 16
VisualStudioVersion = 16.0.29609.76
MinimumVisualStudioVersion = 10.0.40219.1
Project("{9A19103F-16F7-4668-BE54-9A1E7A4F7556}") = "CSRedisCore.Tests", "test\CSRedisCore.Tests\CSRedisCore.Tests.csproj", "{70B1F8DC-C245-421E-866D-3F4149692F69}"
EndProject
Project("{2150E333-8FDC-42A3-9474-1A3956D46DE8}") = "Help", "Help", "{A5960636-4D92-46C1-8902-7668FA64B69D}"
	ProjectSection(SolutionItems) = preProject
		README.md = README.md
	EndProjectSection
EndProject
Project("{9A19103F-16F7-4668-BE54-9A1E7A4F7556}") = "CSRedisCore", "src\CSRedisCore\CSRedisCore.csproj", "{75C241B2-F18A-4F2E-8C17-80799DFFAAC3}"
EndProject
Project("{9A19103F-16F7-4668-BE54-9A1E7A4F7556}") = "Microsoft.Extensions.Caching.CSRedis", "src\Microsoft.Extensions.Caching.CSRedis\Microsoft.Extensions.Caching.CSRedis.csproj", "{D80EFF1F-91CF-4D22-B36E-3E345A41C05E}"
EndProject
Global
	GlobalSection(SolutionConfigurationPlatforms) = preSolution
		Debug|Any CPU = Debug|Any CPU
		Release|Any CPU = Release|Any CPU
	EndGlobalSection
	GlobalSection(ProjectConfigurationPlatforms) = postSolution
		{70B1F8DC-C245-421E-866D-3F4149692F69}.Debug|Any CPU.ActiveCfg = Debug|Any CPU
		{70B1F8DC-C245-421E-866D-3F4149692F69}.Debug|Any CPU.Build.0 = Debug|Any CPU
		{70B1F8DC-C245-421E-866D-3F4149692F69}.Release|Any CPU.ActiveCfg = Release|Any CPU
		{70B1F8DC-C245-421E-866D-3F4149692F69}.Release|Any CPU.Build.0 = Release|Any CPU
		{75C241B2-F18A-4F2E-8C17-80799DFFAAC3}.Debug|Any CPU.ActiveCfg = Debug|Any CPU
		{75C241B2-F18A-4F2E-8C17-80799DFFAAC3}.Debug|Any CPU.Build.0 = Debug|Any CPU
		{75C241B2-F18A-4F2E-8C17-80799DFFAAC3}.Release|Any CPU.ActiveCfg = Release|Any CPU
		{75C241B2-F18A-4F2E-8C17-80799DFFAAC3}.Release|Any CPU.Build.0 = Release|Any CPU
		{D80EFF1F-91CF-4D22-B36E-3E345A41C05E}.Debug|Any CPU.ActiveCfg = Debug|Any CPU
		{D80EFF1F-91CF-4D22-B36E-3E345A41C05E}.Debug|Any CPU.Build.0 = Debug|Any CPU
		{D80EFF1F-91CF-4D22-B36E-3E345A41C05E}.Release|Any CPU.ActiveCfg = Release|Any CPU
		{D80EFF1F-91CF-4D22-B36E-3E345A41C05E}.Release|Any CPU.Build.0 = Release|Any CPU
	EndGlobalSection
	GlobalSection(SolutionProperties) = preSolution
		HideSolutionNode = FALSE
	EndGlobalSection
	GlobalSection(ExtensibilityGlobals) = postSolution
		SolutionGuid = {CC7869DF-0D54-4191-AF80-ECE8C8AE6085}
	EndGlobalSection
EndGlobal
